// !$*UTF8*$!
{
	archiveVersion = 1;
	classes = {
	};
	objectVersion = 46;
	objects = {
		77EBE479FDB48B6E7EBD3C55 = {
			isa = PBXBuildFile;
			fileRef = 73E6E40F5916983BB034C5CE;
		};
		378768466AE22AB676BB8511 = {
			isa = PBXBuildFile;
			fileRef = 753A2EAC99EFCF00E08C2801;
		};
		2F927078C73F0A95FD156CFF = {
			isa = PBXBuildFile;
			fileRef = CDFA7F2E9D791C614DD5188E;
		};
		ADCEC69AAF0E627B9EDF2B79 = {
			isa = PBXBuildFile;
			fileRef = 842E0DAFBA6BC103C5AF993F;
		};
		191FDACB0224BCABDE606692 = {
			isa = PBXBuildFile;
			fileRef = A3DCA291B80B625292C5D8A7;
		};
		136E76F9533D6D867270BC51 = {
			isa = PBXBuildFile;
			fileRef = 3EAE6D24243443DD9BF62DBC;
		};
		1DDFEC3CC29AD87DF3DEF2A3 = {
			isa = PBXBuildFile;
			fileRef = CF17DB7AEB14B54160A54D2D;
		};
		8ED4D3F4542E9484C529796C = {
			isa = PBXBuildFile;
			fileRef = 75F43A359D1D17BF66A51446;
		};
		3403EE4F3F429868AE73CDF8 = {
			isa = PBXBuildFile;
			fileRef = 3288440B19776171B84D2FD1;
		};
		DD9F3BE243829B01BC638EFF = {
			isa = PBXBuildFile;
			fileRef = 58C6713F4EE4FCC5D23A1D55;
		};
		3B049B8A0E0DACC3CC87006F = {
			isa = PBXBuildFile;
			fileRef = 215049497FECE5432DB1A450;
		};
		02987E758E4120CAA64FF889 = {
			isa = PBXBuildFile;
			fileRef = 3C9A4C4DEC1715405F84CEAC;
		};
		38132E624E0A67E398486E36 = {
			isa = PBXBuildFile;
			fileRef = 8B4342E235539338F74D5E98;
		};
		CC8FE17133EAD732E5332C47 = {
			isa = PBXBuildFile;
			fileRef = BC0D20353AF2768432B8AEE5;
		};
		A199F7938838FC38FCDA2E71 = {
			isa = PBXBuildFile;
			fileRef = 9FA9C560032FAE3F9506A078;
		};
		B29CB533B38B59EF0BF580B6 = {
			isa = PBXBuildFile;
			fileRef = DA356DBE1F696B952E952487;
		};
		948A4D1B78ABA07B9809E81D = {
			isa = PBXBuildFile;
			fileRef = B7699B235AE4186A4A7ABF6E;
		};
		8DDE818F8E15B168ACC6A95E = {
			isa = PBXBuildFile;
			fileRef = DF439FDDA854A4F0ED6E8997;
		};
		CB8A5C937275EFF16A249726 = {
			isa = PBXBuildFile;
			fileRef = 8A83B32B7AD12083E768F165;
		};
		DE26D8631CBF62D081C374B8 = {
			isa = PBXBuildFile;
			fileRef = 020E83A063860A946426FF03;
		};
		0D533F9AC2928CB734706B03 = {
			isa = PBXBuildFile;
			fileRef = A4211AA651794BA03CC71220;
		};
		F7D9FFB0FFE195C2117A605A = {
			isa = PBXBuildFile;
			fileRef = 777EDF8DC30132AA15122E6D;
		};
		77D74051950D7819FFA9BCFD = {
			isa = PBXBuildFile;
			fileRef = 277CA63948252E1A81913E6B;
		};
		172EE57A0F222D5D0D350F56 = {
			isa = PBXBuildFile;
			fileRef = F7EAF118C8E47385F8CBB2CE;
		};
		607DA1CDDF65B6549CA49AC8 = {
			isa = PBXBuildFile;
			fileRef = 13D341485F6B406FC46D4DE3;
		};
		770519D9566B3A7821104280 = {
			isa = PBXBuildFile;
			fileRef = 185734EEE84079C984F4728B;
		};
		E763D73625C9D5788B69A2AD = {
			isa = PBXBuildFile;
			fileRef = 9BB63D061DA242C2ACBC2648;
		};
		A4846A6F1B0F2CAD00C26DC6 = {
			isa = PBXBuildFile;
			fileRef = 00DDEE4E42755FF1F854A916;
		};
		84349A9FC2E0BCED3A793ACA = {
			isa = PBXBuildFile;
			fileRef = 06E61E8CC0EEF71FC8D9B97F;
		};
		554D65AC1BC3FC628755FBC8 = {
			isa = PBXBuildFile;
			fileRef = FB0E5A040785C0FFDBD5C0D7;
		};
		96BE7295970DC6713DA6A028 = {
			isa = PBXBuildFile;
			fileRef = BA54D073BCBF993ADE77BB6B;
		};
		F4559FC1B678E0F22F332151 = {
			isa = PBXBuildFile;
			fileRef = 0587BC776818E715C1D2EDB3;
		};
		1BE3455EF7B4B2F912F8073F = {
			isa = PBXBuildFile;
			fileRef = 648106F82BD2C6A2634C6209;
		};
		7561AE598B457FC458E1262D = {
			isa = PBXBuildFile;
			fileRef = BE690E0D4FE89D6200304175;
		};
		1A105BFE24ABDAB736F75C6F = {
			isa = PBXBuildFile;
			fileRef = D87EB016226078BB70DE0A7D;
		};
		206443F03F7154D7027CB283 = {
			isa = PBXBuildFile;
			fileRef = 3F4F55A032C4FC2DAEB57865;
		};
		65E10C76A7080C82141115DE = {
			isa = PBXBuildFile;
			fileRef = 6972AF45D13AA2B9348297E7;
		};
		39BDAB062240D953F8FE054D = {
			isa = PBXBuildFile;
			fileRef = C37663D68DB7508300552AB7;
		};
		93BA569C58E79FC8A43AF797 = {
			isa = PBXBuildFile;
			fileRef = 874487BF1B51339EF5CB6EBB;
		};
		A29970E1722D939B1BCFC42E = {
			isa = PBXBuildFile;
			fileRef = BF56DEED86DC91950753754E;
		};
		14F0B066437D43C8D716B0AB = {
			isa = PBXBuildFile;
			fileRef = 6E4B3A99FB00373E7F7FE1F9;
		};
		C7CC3740E258163211428B59 = {
			isa = PBXBuildFile;
			fileRef = C606ED24EA66F36E94DD7D59;
		};
		F14EC3930AE16C93223D7901 = {
			isa = PBXBuildFile;
			fileRef = 484733C704443526AB153317;
		};
		FF1A352FA0441CB8DB1AFD51 = {
			isa = PBXBuildFile;
			fileRef = E745A570AF1A11127CA35B9C;
		};
		D5530AECAD23DCC46322DBC9 = {
			isa = PBXBuildFile;
			fileRef = E93A38B6ADBC4C73D71B217B;
		};
		00DDEE4E42755FF1F854A916 = {
			isa = PBXFileReference;
			lastKnownFileType = file.r;
			name = "include_juce_audio_plugin_client_AU.r";
			path = "../../JuceLibraryCode/include_juce_audio_plugin_client_AU.r";
			sourceTree = "SOURCE_ROOT";
		};
		020E83A063860A946426FF03 = {
			isa = PBXFileReference;
			lastKnownFileType = sourcecode.cpp.cpp;
			name = PluginProcessor.cpp;
			path = ../../Source/PluginProcessor.cpp;
			sourceTree = "SOURCE_ROOT";
		};
		0587BC776818E715C1D2EDB3 = {
			isa = PBXFileReference;
			lastKnownFileType = sourcecode.cpp.cpp;
			name = "include_juce_audio_plugin_client_utils.cpp";
			path = "../../JuceLibraryCode/include_juce_audio_plugin_client_utils.cpp";
			sourceTree = "SOURCE_ROOT";
		};
		06E61E8CC0EEF71FC8D9B97F = {
			isa = PBXFileReference;
			lastKnownFileType = sourcecode.cpp.objcpp;
			name = "include_juce_audio_plugin_client_AU_1.mm";
			path = "../../JuceLibraryCode/include_juce_audio_plugin_client_AU_1.mm";
			sourceTree = "SOURCE_ROOT";
		};
		08BD9C39054E793BA52317AC = {
			isa = PBXFileReference;
			lastKnownFileType = image.png;
			name = UP.png;
			path = "../../Source/Resources-Vocoder/UP.png";
			sourceTree = "SOURCE_ROOT";
		};
		09042B6E2C7DFB8D36FCA983 = {
			isa = PBXFileReference;
			lastKnownFileType = image.png;
			name = "B-off.png";
			path = "../../Source/Resources-Vocoder/B-off.png";
			sourceTree = "SOURCE_ROOT";
		};
		12663F6E1063645644B6403B = {
			isa = PBXFileReference;
			lastKnownFileType = text.plist.xml;
			name = "Info-AU.plist";
			path = "Info-AU.plist";
			sourceTree = "SOURCE_ROOT";
		};
		12EF196AC37544CC28C16820 = {
			isa = PBXFileReference;
			lastKnownFileType = file;
			name = "juce_core";
			path = "/Applications/JUCE/modules/juce_core";
			sourceTree = "<absolute>";
		};
		13D341485F6B406FC46D4DE3 = {
			isa = PBXFileReference;
			lastKnownFileType = sourcecode.cpp.objcpp;
			name = "include_juce_audio_basics.mm";
			path = "../../JuceLibraryCode/include_juce_audio_basics.mm";
			sourceTree = "SOURCE_ROOT";
		};
		185734EEE84079C984F4728B = {
			isa = PBXFileReference;
			lastKnownFileType = sourcecode.cpp.objcpp;
			name = "include_juce_audio_devices.mm";
			path = "../../JuceLibraryCode/include_juce_audio_devices.mm";
			sourceTree = "SOURCE_ROOT";
		};
		18BD6D5D8F41E31A5DBA4C8E = {
			isa = PBXFileReference;
			lastKnownFileType = image.png;
			name = 3.png;
			path = "../../Source/Resources-Vocoder/3.png";
			sourceTree = "SOURCE_ROOT";
		};
		195A28FE8633F26C9F833B16 = {
			isa = PBXFileReference;
			lastKnownFileType = sourcecode.c.h;
			name = PluginEditor.h;
			path = ../../Source/PluginEditor.h;
			sourceTree = "SOURCE_ROOT";
		};
		1A368213CF33B15C74460723 = {
			isa = PBXFileReference;
			lastKnownFileType = file;
			name = "juce_cryptography";
			path = "/Applications/JUCE/modules/juce_cryptography";
			sourceTree = "<absolute>";
		};
		1C3192FA75D201F1C1E8E68A = {
			isa = PBXFileReference;
			lastKnownFileType = image.png;
			name = "A (1).png";
			path = "../../Source/Resources-Vocoder/A (1).png";
			sourceTree = "SOURCE_ROOT";
		};
		215049497FECE5432DB1A450 = {
			isa = PBXFileReference;
			lastKnownFileType = wrapper.framework;
			name = CoreAudioKit.framework;
			path = System/Library/Frameworks/CoreAudioKit.framework;
			sourceTree = SDKROOT;
		};
		2600754881700C530AD87FFC = {
			isa = PBXFileReference;
			lastKnownFileType = sourcecode.c.h;
			name = PluginProcessor.h;
			path = ../../Source/PluginProcessor.h;
			sourceTree = "SOURCE_ROOT";
		};
		277CA63948252E1A81913E6B = {
			isa = PBXFileReference;
			lastKnownFileType = sourcecode.cpp.cpp;
			name = ui.cpp;
			path = ../../Source/ui.cpp;
			sourceTree = "SOURCE_ROOT";
		};
		28D49681A49E169BB7C41B31 = {
			isa = PBXFileReference;
			lastKnownFileType = image.png;
			name = wet.png;
			path = "../../Source/Resources-Vocoder/wet.png";
			sourceTree = "SOURCE_ROOT";
		};
		2A53F8D19B7AB1AA722B6A1B = {
			isa = PBXFileReference;
			lastKnownFileType = file;
			name = "juce_audio_devices";
			path = "/Applications/JUCE/modules/juce_audio_devices";
			sourceTree = "<absolute>";
		};
		3288440B19776171B84D2FD1 = {
			isa = PBXFileReference;
			lastKnownFileType = wrapper.framework;
			name = Cocoa.framework;
			path = System/Library/Frameworks/Cocoa.framework;
			sourceTree = SDKROOT;
		};
		37D5E7E6C3276F2A43E009B9 = {
			isa = PBXFileReference;
			lastKnownFileType = image.png;
			name = E.png;
			path = "../../Source/Resources-Vocoder/E.png";
			sourceTree = "SOURCE_ROOT";
		};
		3C0635640117D93A86A2AE88 = {
			isa = PBXFileReference;
			lastKnownFileType = file;
			name = leaf;
			path = ../../../../../Documents/GitHub/LEAF/leaf/leaf;
			sourceTree = "SOURCE_ROOT";
		};
		3C9A4C4DEC1715405F84CEAC = {
			isa = PBXFileReference;
			lastKnownFileType = wrapper.framework;
			name = CoreMIDI.framework;
			path = System/Library/Frameworks/CoreMIDI.framework;
			sourceTree = SDKROOT;
		};
		3EAE6D24243443DD9BF62DBC = {
			isa = PBXFileReference;
			lastKnownFileType = wrapper.framework;
			name = Accelerate.framework;
			path = System/Library/Frameworks/Accelerate.framework;
			sourceTree = SDKROOT;
		};
		3F4F55A032C4FC2DAEB57865 = {
			isa = PBXFileReference;
			lastKnownFileType = sourcecode.cpp.objcpp;
			name = "include_juce_audio_utils.mm";
			path = "../../JuceLibraryCode/include_juce_audio_utils.mm";
			sourceTree = "SOURCE_ROOT";
		};
		40723866B351B1EEE3F50641 = {
			isa = PBXFileReference;
			lastKnownFileType = image.png;
			name = ButtonsDown.png;
			path = "../../Source/Resources-Vocoder/ButtonsDown.png";
			sourceTree = "SOURCE_ROOT";
		};
		484733C704443526AB153317 = {
			isa = PBXFileReference;
			lastKnownFileType = sourcecode.cpp.objcpp;
			name = "include_juce_gui_extra.mm";
			path = "../../JuceLibraryCode/include_juce_gui_extra.mm";
			sourceTree = "SOURCE_ROOT";
		};
		48F1EC8D22F925C870ABB566 = {
			isa = PBXFileReference;
			lastKnownFileType = image.png;
			name = Left.png;
			path = "../../Source/Resources-Vocoder/Left.png";
			sourceTree = "SOURCE_ROOT";
		};
		4ED9BD3053952662256AA73C = {
			isa = PBXFileReference;
			lastKnownFileType = file;
			name = "juce_audio_plugin_client";
			path = "/Applications/JUCE/modules/juce_audio_plugin_client";
			sourceTree = "<absolute>";
		};
		58C6713F4EE4FCC5D23A1D55 = {
			isa = PBXFileReference;
			lastKnownFileType = wrapper.framework;
			name = CoreAudio.framework;
			path = System/Library/Frameworks/CoreAudio.framework;
			sourceTree = SDKROOT;
		};
		5E869315E8E5C10DEA4ACE5F = {
			isa = PBXFileReference;
			lastKnownFileType = file;
			name = "juce_opengl";
			path = "/Applications/JUCE/modules/juce_opengl";
			sourceTree = "<absolute>";
		};
		6219005A805F02BACF15F1CF = {
			isa = PBXFileReference;
			lastKnownFileType = image.png;
			name = Right.png;
			path = "../../Source/Resources-Vocoder/Right.png";
			sourceTree = "SOURCE_ROOT";
		};
		6265A07228FEAD64F8D75837 = {
			isa = PBXFileReference;
			lastKnownFileType = file;
			name = "juce_gui_basics";
			path = "/Applications/JUCE/modules/juce_gui_basics";
			sourceTree = "<absolute>";
		};
		63B9900E95B9A572C728327B = {
			isa = PBXFileReference;
			lastKnownFileType = image.png;
			name = edit.png;
			path = "../../Source/Resources-Vocoder/edit.png";
			sourceTree = "SOURCE_ROOT";
		};
		648106F82BD2C6A2634C6209 = {
			isa = PBXFileReference;
			lastKnownFileType = sourcecode.cpp.objcpp;
			name = "include_juce_audio_plugin_client_VST_utils.mm";
			path = "../../JuceLibraryCode/include_juce_audio_plugin_client_VST_utils.mm";
			sourceTree = "SOURCE_ROOT";
		};
		6911DB601CCA45F08BF1BBE1 = {
			isa = PBXFileReference;
			lastKnownFileType = image.png;
			name = In1.png;
			path = "../../Source/Resources-Vocoder/In1.png";
			sourceTree = "SOURCE_ROOT";
		};
		6972AF45D13AA2B9348297E7 = {
			isa = PBXFileReference;
			lastKnownFileType = sourcecode.cpp.objcpp;
			name = "include_juce_core.mm";
			path = "../../JuceLibraryCode/include_juce_core.mm";
			sourceTree = "SOURCE_ROOT";
		};
		6E4B3A99FB00373E7F7FE1F9 = {
			isa = PBXFileReference;
			lastKnownFileType = sourcecode.cpp.objcpp;
			name = "include_juce_graphics.mm";
			path = "../../JuceLibraryCode/include_juce_graphics.mm";
			sourceTree = "SOURCE_ROOT";
		};
		726FFC4BF2FF31B7346A07C2 = {
			isa = PBXFileReference;
			lastKnownFileType = image.png;
			name = B.png;
			path = "../../Source/Resources-Vocoder/B.png";
			sourceTree = "SOURCE_ROOT";
		};
		73E6E40F5916983BB034C5CE = {
			isa = PBXFileReference;
			explicitFileType = wrapper.cfbundle;
			includeInIndex = 0;
			path = Vocodec.vst3;
			sourceTree = "BUILT_PRODUCTS_DIR";
		};
		753A2EAC99EFCF00E08C2801 = {
			isa = PBXFileReference;
			explicitFileType = wrapper.cfbundle;
			includeInIndex = 0;
			path = Vocodec.component;
			sourceTree = "BUILT_PRODUCTS_DIR";
		};
		75F43A359D1D17BF66A51446 = {
			isa = PBXFileReference;
			lastKnownFileType = wrapper.framework;
			name = Carbon.framework;
			path = System/Library/Frameworks/Carbon.framework;
			sourceTree = SDKROOT;
		};
		75FD08BE75CAD2C9BDB781B8 = {
			isa = PBXFileReference;
			lastKnownFileType = image.png;
			name = D.png;
			path = "../../Source/Resources-Vocoder/D.png";
			sourceTree = "SOURCE_ROOT";
		};
		777EDF8DC30132AA15122E6D = {
			isa = PBXFileReference;
			lastKnownFileType = sourcecode.cpp.cpp;
			name = tunings.cpp;
			path = ../../Source/tunings.cpp;
			sourceTree = "SOURCE_ROOT";
		};
		815C4EA5991383651ABEADAE = {
			isa = PBXFileReference;
			lastKnownFileType = image.png;
			name = Default.png;
			path = "../../Source/Resources-Vocoder/Default.png";
			sourceTree = "SOURCE_ROOT";
		};
		874487BF1B51339EF5CB6EBB = {
			isa = PBXFileReference;
			lastKnownFileType = sourcecode.cpp.objcpp;
			name = "include_juce_data_structures.mm";
			path = "../../JuceLibraryCode/include_juce_data_structures.mm";
			sourceTree = "SOURCE_ROOT";
		};
		88713416B4E3F6AC8B3C4FEE = {
			isa = PBXFileReference;
			lastKnownFileType = image.png;
			name = A.png;
			path = "../../Source/Resources-Vocoder/A.png";
			sourceTree = "SOURCE_ROOT";
		};
		89F28A464CAF1187159874E0 = {
			isa = PBXFileReference;
			lastKnownFileType = image.png;
			name = blank.png;
			path = "../../Source/Resources-Vocoder/blank.png";
			sourceTree = "SOURCE_ROOT";
		};
		89F9A5DE89B6C727DCCF5E0E = {
			isa = PBXFileReference;
			lastKnownFileType = file;
			name = "juce_data_structures";
			path = "/Applications/JUCE/modules/juce_data_structures";
			sourceTree = "<absolute>";
		};
		8A4FCEFDA04774F74070DA72 = {
			isa = PBXFileReference;
			lastKnownFileType = file;
			name = "juce_audio_basics";
			path = "/Applications/JUCE/modules/juce_audio_basics";
			sourceTree = "<absolute>";
		};
		8A83B32B7AD12083E768F165 = {
			isa = PBXFileReference;
			lastKnownFileType = sourcecode.cpp.cpp;
			name = PluginEditor.cpp;
			path = ../../Source/PluginEditor.cpp;
			sourceTree = "SOURCE_ROOT";
		};
		8B4342E235539338F74D5E98 = {
			isa = PBXFileReference;
			lastKnownFileType = wrapper.framework;
			name = DiscRecording.framework;
			path = System/Library/Frameworks/DiscRecording.framework;
			sourceTree = SDKROOT;
		};
		8EAFAAF1F5DDB0761A809D0E = {
			isa = PBXFileReference;
			lastKnownFileType = image.png;
			name = mic.png;
			path = "../../Source/Resources-Vocoder/mic.png";
			sourceTree = "SOURCE_ROOT";
		};
		91BF87767279E3AD69BA65AD = {
			isa = PBXFileReference;
			lastKnownFileType = image.png;
			name = 4.png;
			path = "../../Source/Resources-Vocoder/4.png";
			sourceTree = "SOURCE_ROOT";
		};
		9FA9C560032FAE3F9506A078 = {
			isa = PBXFileReference;
			lastKnownFileType = wrapper.framework;
			name = OpenGL.framework;
			path = System/Library/Frameworks/OpenGL.framework;
			sourceTree = SDKROOT;
		};
		A3DCA291B80B625292C5D8A7 = {
			isa = PBXFileReference;
			lastKnownFileType = wrapper.framework;
			name = AudioUnit.framework;
			path = System/Library/Frameworks/AudioUnit.framework;
			sourceTree = SDKROOT;
		};
		CDFA7F2E9D791C614DD5188E = {
			isa = PBXFileReference;
			explicitFileType = wrapper.application;
			includeInIndex = 0;
			path = Vocodec.app;
			sourceTree = "BUILT_PRODUCTS_DIR";
		};
		842E0DAFBA6BC103C5AF993F = {
			isa = PBXFileReference;
			explicitFileType = archive.ar;
			includeInIndex = 0;
			path = libVocodec.a;
			sourceTree = "BUILT_PRODUCTS_DIR";
		};
		8AFAC9074254310E1A08B0EC = {
			isa = PBXFileReference;
			lastKnownFileType = sourcecode.c.h;
			name = ui.h;
			path = ../../Source/ui.h;
			sourceTree = "SOURCE_ROOT";
		};
		8C811F9EF9487A02CE249310 = {
			isa = PBXFileReference;
			lastKnownFileType = sourcecode.c.h;
			name = sfx.h;
			path = ../../Source/sfx.h;
			sourceTree = "SOURCE_ROOT";
		};
		8F8E098D4FC7D2AD220D03C8 = {
			isa = PBXFileReference;
			lastKnownFileType = image.png;
			name = In2.png;
			path = "../../Source/Resources-Vocoder/In2.png";
			sourceTree = "SOURCE_ROOT";
		};
		9A27C77D15104DB3D09CADCB = {
			isa = PBXFileReference;
			lastKnownFileType = text.plist.xml;
			name = "Info-VST3.plist";
			path = "Info-VST3.plist";
			sourceTree = "SOURCE_ROOT";
		};
		9BB63D061DA242C2ACBC2648 = {
			isa = PBXFileReference;
			lastKnownFileType = sourcecode.cpp.objcpp;
			name = "include_juce_audio_formats.mm";
			path = "../../JuceLibraryCode/include_juce_audio_formats.mm";
			sourceTree = "SOURCE_ROOT";
		};
		A4211AA651794BA03CC71220 = {
			isa = PBXFileReference;
			lastKnownFileType = sourcecode.cpp.cpp;
			name = sfx.cpp;
			path = ../../Source/sfx.cpp;
			sourceTree = "SOURCE_ROOT";
		};
		ADCFA61FF2085E832083A5C0 = {
			isa = PBXFileReference;
			lastKnownFileType = image.png;
			name = Out2.png;
			path = "../../Source/Resources-Vocoder/Out2.png";
			sourceTree = "SOURCE_ROOT";
		};
		B5B4D0F99ED5445E269854F9 = {
			isa = PBXFileReference;
			lastKnownFileType = image.png;
			name = menu.png;
			path = "../../Source/Resources-Vocoder/menu.png";
			sourceTree = "SOURCE_ROOT";
		};
		B7699B235AE4186A4A7ABF6E = {
			isa = PBXFileReference;
			lastKnownFileType = wrapper.framework;
			name = WebKit.framework;
			path = System/Library/Frameworks/WebKit.framework;
			sourceTree = SDKROOT;
		};
		B9EDC4493DB66B6F77A0FFE2 = {
			isa = PBXFileReference;
			lastKnownFileType = file;
			name = "juce_audio_formats";
			path = "/Applications/JUCE/modules/juce_audio_formats";
			sourceTree = "<absolute>";
		};
		BA1F3D5194AEE4CA77743F5B = {
			isa = PBXFileReference;
			lastKnownFileType = file;
			name = "juce_graphics";
			path = "/Applications/JUCE/modules/juce_graphics";
			sourceTree = "<absolute>";
		};
		BA54D073BCBF993ADE77BB6B = {
			isa = PBXFileReference;
			lastKnownFileType = sourcecode.cpp.cpp;
			name = "include_juce_audio_plugin_client_Standalone.cpp";
			path = "../../JuceLibraryCode/include_juce_audio_plugin_client_Standalone.cpp";
			sourceTree = "SOURCE_ROOT";
		};
		BA5A457D9258864BCE9BF85C = {
			isa = PBXFileReference;
			lastKnownFileType = image.png;
			name = 2.png;
			path = "../../Source/Resources-Vocoder/2.png";
			sourceTree = "SOURCE_ROOT";
		};
		BC0D20353AF2768432B8AEE5 = {
			isa = PBXFileReference;
			lastKnownFileType = wrapper.framework;
			name = IOKit.framework;
			path = System/Library/Frameworks/IOKit.framework;
			sourceTree = SDKROOT;
		};
		BC663D121429C8590904B5CE = {
			isa = PBXFileReference;
			lastKnownFileType = file;
			name = "juce_audio_utils";
			path = "/Applications/JUCE/modules/juce_audio_utils";
			sourceTree = "<absolute>";
		};
		BD79862768473B6317B42D3D = {
			isa = PBXFileReference;
			lastKnownFileType = text.plist.xml;
			name = "Info-Standalone_Plugin.plist";
			path = "Info-Standalone_Plugin.plist";
			sourceTree = "SOURCE_ROOT";
		};
		BE690E0D4FE89D6200304175 = {
			isa = PBXFileReference;
			lastKnownFileType = sourcecode.cpp.cpp;
			name = "include_juce_audio_plugin_client_VST3.cpp";
			path = "../../JuceLibraryCode/include_juce_audio_plugin_client_VST3.cpp";
			sourceTree = "SOURCE_ROOT";
		};
		BF56DEED86DC91950753754E = {
			isa = PBXFileReference;
			lastKnownFileType = sourcecode.cpp.objcpp;
			name = "include_juce_events.mm";
			path = "../../JuceLibraryCode/include_juce_events.mm";
			sourceTree = "SOURCE_ROOT";
		};
		C37663D68DB7508300552AB7 = {
			isa = PBXFileReference;
			lastKnownFileType = sourcecode.cpp.objcpp;
			name = "include_juce_cryptography.mm";
			path = "../../JuceLibraryCode/include_juce_cryptography.mm";
			sourceTree = "SOURCE_ROOT";
		};
		C49575CF3161AEED652FA559 = {
			isa = PBXFileReference;
			lastKnownFileType = sourcecode.c.h;
			name = tunings.h;
			path = ../../Source/tunings.h;
			sourceTree = "SOURCE_ROOT";
		};
		C606ED24EA66F36E94DD7D59 = {
			isa = PBXFileReference;
			lastKnownFileType = sourcecode.cpp.objcpp;
			name = "include_juce_gui_basics.mm";
			path = "../../JuceLibraryCode/include_juce_gui_basics.mm";
			sourceTree = "SOURCE_ROOT";
		};
		C6B9AA072594F619552BCAC3 = {
			isa = PBXFileReference;
			lastKnownFileType = file;
			name = "juce_gui_extra";
			path = "/Applications/JUCE/modules/juce_gui_extra";
			sourceTree = "<absolute>";
		};
		CDB2A607EB73A3395FE5DDE1 = {
			isa = PBXFileReference;
			lastKnownFileType = image.png;
			name = C.png;
			path = "../../Source/Resources-Vocoder/C.png";
			sourceTree = "SOURCE_ROOT";
		};
		CF17DB7AEB14B54160A54D2D = {
			isa = PBXFileReference;
			lastKnownFileType = wrapper.framework;
			name = AudioToolbox.framework;
			path = System/Library/Frameworks/AudioToolbox.framework;
			sourceTree = SDKROOT;
		};
		D56EDB27CA5A7D2916A7A8E9 = {
			isa = PBXFileReference;
			lastKnownFileType = image.png;
			name = Down.png;
			path = "../../Source/Resources-Vocoder/Down.png";
			sourceTree = "SOURCE_ROOT";
		};
		D6C26869C96C98B1011ED344 = {
			isa = PBXFileReference;
			lastKnownFileType = image.png;
			name = 1.png;
			path = "../../Source/Resources-Vocoder/1.png";
			sourceTree = "SOURCE_ROOT";
		};
		D87EB016226078BB70DE0A7D = {
			isa = PBXFileReference;
			lastKnownFileType = sourcecode.cpp.objcpp;
			name = "include_juce_audio_processors.mm";
			path = "../../JuceLibraryCode/include_juce_audio_processors.mm";
			sourceTree = "SOURCE_ROOT";
		};
		DA356DBE1F696B952E952487 = {
			isa = PBXFileReference;
			lastKnownFileType = wrapper.framework;
			name = QuartzCore.framework;
			path = System/Library/Frameworks/QuartzCore.framework;
			sourceTree = SDKROOT;
		};
		DB4B7DE0A20A1922BED38D29 = {
			isa = PBXFileReference;
			lastKnownFileType = image.png;
			name = "C (1).png";
			path = "../../Source/Resources-Vocoder/C (1).png";
			sourceTree = "SOURCE_ROOT";
		};
		DC7D41A23038B018BCA1CD34 = {
			isa = PBXFileReference;
			lastKnownFileType = image.png;
			name = "B (2).png";
			path = "../../Source/Resources-Vocoder/B (2).png";
			sourceTree = "SOURCE_ROOT";
		};
		DF439FDDA854A4F0ED6E8997 = {
			isa = PBXFileReference;
			lastKnownFileType = file.nib;
			name = RecentFilesMenuTemplate.nib;
			path = RecentFilesMenuTemplate.nib;
			sourceTree = "SOURCE_ROOT";
		};
		E1118EA2BCCCEC1EF8DE3C65 = {
			isa = PBXFileReference;
			lastKnownFileType = file;
			name = "juce_events";
			path = "/Applications/JUCE/modules/juce_events";
			sourceTree = "<absolute>";
		};
		E16961E094463729C711D99E = {
			isa = PBXFileReference;
			lastKnownFileType = file;
			name = "juce_audio_processors";
			path = "/Applications/JUCE/modules/juce_audio_processors";
			sourceTree = "<absolute>";
		};
		E745A570AF1A11127CA35B9C = {
			isa = PBXFileReference;
			lastKnownFileType = sourcecode.cpp.objcpp;
			name = "include_juce_opengl.mm";
			path = "../../JuceLibraryCode/include_juce_opengl.mm";
			sourceTree = "SOURCE_ROOT";
		};
		E7D03E153DA9AEDA673309A5 = {
			isa = PBXFileReference;
			lastKnownFileType = image.png;
			name = Out1.png;
			path = "../../Source/Resources-Vocoder/Out1.png";
			sourceTree = "SOURCE_ROOT";
		};
		E93A38B6ADBC4C73D71B217B = {
			isa = PBXFileReference;
			lastKnownFileType = sourcecode.cpp.cpp;
			name = "include_leaf.cpp";
			path = "../../JuceLibraryCode/include_leaf.cpp";
			sourceTree = "SOURCE_ROOT";
		};
		ECE2B3A6FB9D4016EA88BEB7 = {
			isa = PBXFileReference;
			lastKnownFileType = image.png;
			name = "A (2).png";
			path = "../../Source/Resources-Vocoder/A (2).png";
			sourceTree = "SOURCE_ROOT";
		};
		EF293D89FD9C4AC7098E6136 = {
			isa = PBXFileReference;
			lastKnownFileType = image.png;
			name = 5.png;
			path = "../../Source/Resources-Vocoder/5.png";
			sourceTree = "SOURCE_ROOT";
		};
		EFE1EF3B6F2CC125045D546F = {
			isa = PBXFileReference;
			lastKnownFileType = sourcecode.c.h;
			name = BinaryData.h;
			path = ../../JuceLibraryCode/BinaryData.h;
			sourceTree = "SOURCE_ROOT";
		};
		F45F611BDAA68982A74ACF4A = {
			isa = PBXFileReference;
			lastKnownFileType = image.png;
			name = "ButtonsDown - Copy.png";
			path = "../../Source/Resources-Vocoder/ButtonsDown - Copy.png";
			sourceTree = "SOURCE_ROOT";
		};
		F4F29CFE10FA381FEA7AEBB8 = {
			isa = PBXFileReference;
			lastKnownFileType = sourcecode.c.h;
			name = JuceHeader.h;
			path = ../../JuceLibraryCode/JuceHeader.h;
			sourceTree = "SOURCE_ROOT";
		};
		F7EAF118C8E47385F8CBB2CE = {
			isa = PBXFileReference;
			lastKnownFileType = sourcecode.cpp.cpp;
			name = BinaryData.cpp;
			path = ../../JuceLibraryCode/BinaryData.cpp;
			sourceTree = "SOURCE_ROOT";
		};
		F8F2A9D11FFA4AA7E8A9E2FA = {
			isa = PBXFileReference;
			lastKnownFileType = sourcecode.c.h;
			name = AppConfig.h;
			path = ../../JuceLibraryCode/AppConfig.h;
			sourceTree = "SOURCE_ROOT";
		};
		FB0E5A040785C0FFDBD5C0D7 = {
			isa = PBXFileReference;
			lastKnownFileType = sourcecode.cpp.objcpp;
			name = "include_juce_audio_plugin_client_AU_2.mm";
			path = "../../JuceLibraryCode/include_juce_audio_plugin_client_AU_2.mm";
			sourceTree = "SOURCE_ROOT";
		};
		0EED177D1796E5235B11853E = {
			isa = PBXGroup;
			children = (
				D6C26869C96C98B1011ED344,
				BA5A457D9258864BCE9BF85C,
				18BD6D5D8F41E31A5DBA4C8E,
				91BF87767279E3AD69BA65AD,
				EF293D89FD9C4AC7098E6136,
				1C3192FA75D201F1C1E8E68A,
				ECE2B3A6FB9D4016EA88BEB7,
				88713416B4E3F6AC8B3C4FEE,
				DC7D41A23038B018BCA1CD34,
				09042B6E2C7DFB8D36FCA983,
				726FFC4BF2FF31B7346A07C2,
				89F28A464CAF1187159874E0,
				F45F611BDAA68982A74ACF4A,
				40723866B351B1EEE3F50641,
				DB4B7DE0A20A1922BED38D29,
				CDB2A607EB73A3395FE5DDE1,
				75FD08BE75CAD2C9BDB781B8,
				815C4EA5991383651ABEADAE,
				D56EDB27CA5A7D2916A7A8E9,
				37D5E7E6C3276F2A43E009B9,
				63B9900E95B9A572C728327B,
				6911DB601CCA45F08BF1BBE1,
				8F8E098D4FC7D2AD220D03C8,
				48F1EC8D22F925C870ABB566,
				B5B4D0F99ED5445E269854F9,
				8EAFAAF1F5DDB0761A809D0E,
				E7D03E153DA9AEDA673309A5,
				ADCFA61FF2085E832083A5C0,
				6219005A805F02BACF15F1CF,
				08BD9C39054E793BA52317AC,
				28D49681A49E169BB7C41B31,
			);
			name = "Resources-Vocoder";
			sourceTree = "<group>";
		};
		36C420E6B500A170D9858A97 = {
			isa = PBXGroup;
			children = (
				0EED177D1796E5235B11853E,
				8A83B32B7AD12083E768F165,
				195A28FE8633F26C9F833B16,
				020E83A063860A946426FF03,
				2600754881700C530AD87FFC,
				A4211AA651794BA03CC71220,
				8C811F9EF9487A02CE249310,
				777EDF8DC30132AA15122E6D,
				C49575CF3161AEED652FA559,
				277CA63948252E1A81913E6B,
				8AFAC9074254310E1A08B0EC,
			);
			name = Source;
			sourceTree = "<group>";
		};
		5D681C95D119669E8B9AEBEC = {
			isa = PBXGroup;
			children = (
				36C420E6B500A170D9858A97,
			);
			name = Vocodec;
			sourceTree = "<group>";
		};
		A04785099D0CE1D29753ECF0 = {
			isa = PBXGroup;
			children = (
				8A4FCEFDA04774F74070DA72,
				2A53F8D19B7AB1AA722B6A1B,
				B9EDC4493DB66B6F77A0FFE2,
				4ED9BD3053952662256AA73C,
				E16961E094463729C711D99E,
				BC663D121429C8590904B5CE,
				12EF196AC37544CC28C16820,
				1A368213CF33B15C74460723,
				89F9A5DE89B6C727DCCF5E0E,
				E1118EA2BCCCEC1EF8DE3C65,
				BA1F3D5194AEE4CA77743F5B,
				6265A07228FEAD64F8D75837,
				C6B9AA072594F619552BCAC3,
				5E869315E8E5C10DEA4ACE5F,
				3C0635640117D93A86A2AE88,
			);
			name = "JUCE Modules";
			sourceTree = "<group>";
		};
		ADBA8E33A8998612C1A4C086 = {
			isa = PBXGroup;
			children = (
				F8F2A9D11FFA4AA7E8A9E2FA,
				F7EAF118C8E47385F8CBB2CE,
				EFE1EF3B6F2CC125045D546F,
				13D341485F6B406FC46D4DE3,
				185734EEE84079C984F4728B,
				9BB63D061DA242C2ACBC2648,
				00DDEE4E42755FF1F854A916,
				06E61E8CC0EEF71FC8D9B97F,
				FB0E5A040785C0FFDBD5C0D7,
				BA54D073BCBF993ADE77BB6B,
				0587BC776818E715C1D2EDB3,
				648106F82BD2C6A2634C6209,
				BE690E0D4FE89D6200304175,
				D87EB016226078BB70DE0A7D,
				3F4F55A032C4FC2DAEB57865,
				6972AF45D13AA2B9348297E7,
				C37663D68DB7508300552AB7,
				874487BF1B51339EF5CB6EBB,
				BF56DEED86DC91950753754E,
				6E4B3A99FB00373E7F7FE1F9,
				C606ED24EA66F36E94DD7D59,
				484733C704443526AB153317,
				E745A570AF1A11127CA35B9C,
				E93A38B6ADBC4C73D71B217B,
				F4F29CFE10FA381FEA7AEBB8,
			);
			name = "JUCE Library Code";
			sourceTree = "<group>";
		};
		6D4FAC8399950322BBDF2D60 = {
			isa = PBXGroup;
			children = (
				9A27C77D15104DB3D09CADCB,
				12663F6E1063645644B6403B,
				BD79862768473B6317B42D3D,
				DF439FDDA854A4F0ED6E8997,
			);
			name = Resources;
			sourceTree = "<group>";
		};
		38728DBF61EDB818820C1432 = {
			isa = PBXGroup;
			children = (
				A3DCA291B80B625292C5D8A7,
				3EAE6D24243443DD9BF62DBC,
				CF17DB7AEB14B54160A54D2D,
				75F43A359D1D17BF66A51446,
				3288440B19776171B84D2FD1,
				58C6713F4EE4FCC5D23A1D55,
				215049497FECE5432DB1A450,
				3C9A4C4DEC1715405F84CEAC,
				8B4342E235539338F74D5E98,
				BC0D20353AF2768432B8AEE5,
				9FA9C560032FAE3F9506A078,
				DA356DBE1F696B952E952487,
				B7699B235AE4186A4A7ABF6E,
			);
			name = Frameworks;
			sourceTree = "<group>";
		};
		041FFCBC333B8F7663D85472 = {
			isa = PBXGroup;
			children = (
				73E6E40F5916983BB034C5CE,
				753A2EAC99EFCF00E08C2801,
				CDFA7F2E9D791C614DD5188E,
				842E0DAFBA6BC103C5AF993F,
			);
			name = Products;
			sourceTree = "<group>";
		};
		AE7AB416869424D7F740EE58 = {
			isa = PBXGroup;
			children = (
				5D681C95D119669E8B9AEBEC,
				A04785099D0CE1D29753ECF0,
				ADBA8E33A8998612C1A4C086,
				6D4FAC8399950322BBDF2D60,
				38728DBF61EDB818820C1432,
				041FFCBC333B8F7663D85472,
			);
			name = Source;
			sourceTree = "<group>";
		};
		380FA8A2C5B3AFB5E274EA1F = {
			isa = XCBuildConfiguration;
			buildSettings = {
				MACOSX_DEPLOYMENT_TARGET = 10.11;
				SDKROOT = macosx;
			};
			name = Debug;
		};
		F5E5A35EE745B31CAC88676E = {
			isa = XCBuildConfiguration;
			buildSettings = {
				MACOSX_DEPLOYMENT_TARGET = 10.11;
				SDKROOT = macosx;
			};
			name = Release;
		};
		5AF5CAC97F9E5B99C24C0DFE = {
			isa = XCBuildConfiguration;
			buildSettings = {
				CLANG_CXX_LANGUAGE_STANDARD = "c++14";
				CLANG_CXX_LIBRARY = "libc++";
				CLANG_LINK_OBJC_RUNTIME = NO;
				CODE_SIGN_IDENTITY = "";
				COMBINE_HIDPI_IMAGES = YES;
				CONFIGURATION_BUILD_DIR = "$(PROJECT_DIR)/build/$(CONFIGURATION)";
				COPY_PHASE_STRIP = NO;
				DEPLOYMENT_LOCATION = YES;
				DSTROOT = /;
				GCC_DYNAMIC_NO_PIC = NO;
				GCC_OPTIMIZATION_LEVEL = 0;
				GCC_PREPROCESSOR_DEFINITIONS = (
					"_DEBUG=1",
					"DEBUG=1",
					"JUCER_XCODE_MAC_F6D2F4CF=1",
					"JUCE_APP_VERSION=1.0.0",
					"JUCE_APP_VERSION_HEX=0x10000",
					"JucePlugin_Build_VST=0",
					"JucePlugin_Build_VST3=1",
					"JucePlugin_Build_AU=0",
					"JucePlugin_Build_AUv3=0",
					"JucePlugin_Build_RTAS=0",
					"JucePlugin_Build_AAX=0",
					"JucePlugin_Build_Standalone=0",
					"JucePlugin_Build_Unity=0",
				);
				GCC_VERSION = com.apple.compilers.llvm.clang.1_0;
				GENERATE_PKGINFO_FILE = YES;
				HEADER_SEARCH_PATHS = (
					"/Applications/JUCE/modules/juce_audio_processors/format_types/VST3_SDK",
					"../../JuceLibraryCode",
					"/Applications/JUCE/modules",
					"../../../../../Documents/GitHub/LEAF/leaf",
					"/Applications/JUCE/modules/juce_audio_plugin_client",
					"$(inherited)",
				);
				INFOPLIST_FILE = Info-VST3.plist;
				INFOPLIST_PREPROCESS = NO;
				INSTALL_PATH = "$(HOME)/Library/Audio/Plug-Ins/VST3/";
				LIBRARY_STYLE = Bundle;
				MACOSX_DEPLOYMENT_TARGET = 10.11;
				OTHER_LDFLAGS = "-bundle -lVocodec";
				PRODUCT_BUNDLE_IDENTIFIER = com.yourcompany.Vocodec;
				PRODUCT_NAME = "Vocodec";
				USE_HEADERMAP = NO;
				WRAPPER_EXTENSION = vst3;
			};
			name = Debug;
		};
		D385F3199401DAF1F9721891 = {
			isa = XCBuildConfiguration;
			buildSettings = {
				CLANG_CXX_LANGUAGE_STANDARD = "c++14";
				CLANG_CXX_LIBRARY = "libc++";
				CLANG_LINK_OBJC_RUNTIME = NO;
				CODE_SIGN_IDENTITY = "";
				COMBINE_HIDPI_IMAGES = YES;
				CONFIGURATION_BUILD_DIR = "$(PROJECT_DIR)/build/$(CONFIGURATION)";
				DEAD_CODE_STRIPPING = YES;
				DEPLOYMENT_LOCATION = YES;
				DSTROOT = /;
				GCC_GENERATE_DEBUGGING_SYMBOLS = NO;
				GCC_OPTIMIZATION_LEVEL = 3;
				GCC_PREPROCESSOR_DEFINITIONS = (
					"_NDEBUG=1",
					"NDEBUG=1",
					"JUCER_XCODE_MAC_F6D2F4CF=1",
					"JUCE_APP_VERSION=1.0.0",
					"JUCE_APP_VERSION_HEX=0x10000",
					"JucePlugin_Build_VST=0",
					"JucePlugin_Build_VST3=1",
					"JucePlugin_Build_AU=0",
					"JucePlugin_Build_AUv3=0",
					"JucePlugin_Build_RTAS=0",
					"JucePlugin_Build_AAX=0",
					"JucePlugin_Build_Standalone=0",
					"JucePlugin_Build_Unity=0",
				);
				GCC_SYMBOLS_PRIVATE_EXTERN = YES;
				GCC_VERSION = com.apple.compilers.llvm.clang.1_0;
				GENERATE_PKGINFO_FILE = YES;
				HEADER_SEARCH_PATHS = (
					"/Applications/JUCE/modules/juce_audio_processors/format_types/VST3_SDK",
					"../../JuceLibraryCode",
					"/Applications/JUCE/modules",
					"../../../../../Documents/GitHub/LEAF/leaf",
					"/Applications/JUCE/modules/juce_audio_plugin_client",
					"$(inherited)",
				);
				INFOPLIST_FILE = Info-VST3.plist;
				INFOPLIST_PREPROCESS = NO;
				INSTALL_PATH = "$(HOME)/Library/Audio/Plug-Ins/VST3/";
				LIBRARY_STYLE = Bundle;
				LLVM_LTO = YES;
				MACOSX_DEPLOYMENT_TARGET = 10.11;
				OTHER_LDFLAGS = "-bundle -lVocodec";
				PRODUCT_BUNDLE_IDENTIFIER = com.yourcompany.Vocodec;
				PRODUCT_NAME = "Vocodec";
				USE_HEADERMAP = NO;
				WRAPPER_EXTENSION = vst3;
			};
			name = Release;
		};
		36690F0BE94BAF0DB377DB6E = {
			isa = XCBuildConfiguration;
			buildSettings = {
				CLANG_CXX_LANGUAGE_STANDARD = "c++14";
				CLANG_CXX_LIBRARY = "libc++";
				CLANG_LINK_OBJC_RUNTIME = NO;
				CODE_SIGN_IDENTITY = "";
				COMBINE_HIDPI_IMAGES = YES;
				CONFIGURATION_BUILD_DIR = "$(PROJECT_DIR)/build/$(CONFIGURATION)";
				COPY_PHASE_STRIP = NO;
				DEPLOYMENT_LOCATION = YES;
				DSTROOT = /;
				GCC_DYNAMIC_NO_PIC = NO;
				GCC_OPTIMIZATION_LEVEL = 0;
				GCC_PREPROCESSOR_DEFINITIONS = (
					"_DEBUG=1",
					"DEBUG=1",
					"JUCER_XCODE_MAC_F6D2F4CF=1",
					"JUCE_APP_VERSION=1.0.0",
					"JUCE_APP_VERSION_HEX=0x10000",
					"JucePlugin_Build_VST=0",
					"JucePlugin_Build_VST3=0",
					"JucePlugin_Build_AU=1",
					"JucePlugin_Build_AUv3=0",
					"JucePlugin_Build_RTAS=0",
					"JucePlugin_Build_AAX=0",
					"JucePlugin_Build_Standalone=0",
					"JucePlugin_Build_Unity=0",
				);
				GCC_VERSION = com.apple.compilers.llvm.clang.1_0;
				GENERATE_PKGINFO_FILE = YES;
				HEADER_SEARCH_PATHS = (
					"/Applications/JUCE/modules/juce_audio_processors/format_types/VST3_SDK",
					"../../JuceLibraryCode",
					"/Applications/JUCE/modules",
					"../../../../../Documents/GitHub/LEAF/leaf",
					"/Applications/JUCE/modules/juce_audio_plugin_client",
					"$(inherited)",
				);
				INFOPLIST_FILE = Info-AU.plist;
				INFOPLIST_PREPROCESS = NO;
				INSTALL_PATH = "$(HOME)/Library/Audio/Plug-Ins/Components/";
				LIBRARY_STYLE = Bundle;
				MACOSX_DEPLOYMENT_TARGET = 10.11;
				OTHER_LDFLAGS = "-bundle -lVocodec";
				OTHER_REZFLAGS = "-d ppc_$ppc -d i386_$i386 -d ppc64_$ppc64 -d x86_64_$x86_64 -I /System/Library/Frameworks/CoreServices.framework/Frameworks/CarbonCore.framework/Versions/A/Headers -I \"$(DEVELOPER_DIR)/Extras/CoreAudio/AudioUnits/AUPublic/AUBase\" -I \"$(DEVELOPER_DIR)/Platforms/MacOSX.platform/Developer/SDKs/MacOSX.sdk/System/Library/Frameworks/AudioUnit.framework/Headers\"";
				PRODUCT_BUNDLE_IDENTIFIER = com.yourcompany.Vocodec;
				PRODUCT_NAME = "Vocodec";
				USE_HEADERMAP = NO;
				WRAPPER_EXTENSION = component;
			};
			name = Debug;
		};
		1B49E076BDDD72913DF0D6F9 = {
			isa = XCBuildConfiguration;
			buildSettings = {
				CLANG_CXX_LANGUAGE_STANDARD = "c++14";
				CLANG_CXX_LIBRARY = "libc++";
				CLANG_LINK_OBJC_RUNTIME = NO;
				CODE_SIGN_IDENTITY = "";
				COMBINE_HIDPI_IMAGES = YES;
				CONFIGURATION_BUILD_DIR = "$(PROJECT_DIR)/build/$(CONFIGURATION)";
				DEAD_CODE_STRIPPING = YES;
				DEPLOYMENT_LOCATION = YES;
				DSTROOT = /;
				GCC_GENERATE_DEBUGGING_SYMBOLS = NO;
				GCC_OPTIMIZATION_LEVEL = 3;
				GCC_PREPROCESSOR_DEFINITIONS = (
					"_NDEBUG=1",
					"NDEBUG=1",
					"JUCER_XCODE_MAC_F6D2F4CF=1",
					"JUCE_APP_VERSION=1.0.0",
					"JUCE_APP_VERSION_HEX=0x10000",
					"JucePlugin_Build_VST=0",
					"JucePlugin_Build_VST3=0",
					"JucePlugin_Build_AU=1",
					"JucePlugin_Build_AUv3=0",
					"JucePlugin_Build_RTAS=0",
					"JucePlugin_Build_AAX=0",
					"JucePlugin_Build_Standalone=0",
					"JucePlugin_Build_Unity=0",
				);
				GCC_SYMBOLS_PRIVATE_EXTERN = YES;
				GCC_VERSION = com.apple.compilers.llvm.clang.1_0;
				GENERATE_PKGINFO_FILE = YES;
				HEADER_SEARCH_PATHS = (
					"/Applications/JUCE/modules/juce_audio_processors/format_types/VST3_SDK",
					"../../JuceLibraryCode",
					"/Applications/JUCE/modules",
					"../../../../../Documents/GitHub/LEAF/leaf",
					"/Applications/JUCE/modules/juce_audio_plugin_client",
					"$(inherited)",
				);
				INFOPLIST_FILE = Info-AU.plist;
				INFOPLIST_PREPROCESS = NO;
				INSTALL_PATH = "$(HOME)/Library/Audio/Plug-Ins/Components/";
				LIBRARY_STYLE = Bundle;
				LLVM_LTO = YES;
				MACOSX_DEPLOYMENT_TARGET = 10.11;
				OTHER_LDFLAGS = "-bundle -lVocodec";
				OTHER_REZFLAGS = "-d ppc_$ppc -d i386_$i386 -d ppc64_$ppc64 -d x86_64_$x86_64 -I /System/Library/Frameworks/CoreServices.framework/Frameworks/CarbonCore.framework/Versions/A/Headers -I \"$(DEVELOPER_DIR)/Extras/CoreAudio/AudioUnits/AUPublic/AUBase\" -I \"$(DEVELOPER_DIR)/Platforms/MacOSX.platform/Developer/SDKs/MacOSX.sdk/System/Library/Frameworks/AudioUnit.framework/Headers\"";
				PRODUCT_BUNDLE_IDENTIFIER = com.yourcompany.Vocodec;
				PRODUCT_NAME = "Vocodec";
				USE_HEADERMAP = NO;
				WRAPPER_EXTENSION = component;
			};
			name = Release;
		};
		0D5F4F5EDCED48A6015E8306 = {
			isa = XCBuildConfiguration;
			buildSettings = {
				CLANG_CXX_LANGUAGE_STANDARD = "c++14";
				CLANG_CXX_LIBRARY = "libc++";
				CLANG_LINK_OBJC_RUNTIME = NO;
				CODE_SIGN_IDENTITY = "";
				COMBINE_HIDPI_IMAGES = YES;
				CONFIGURATION_BUILD_DIR = "$(PROJECT_DIR)/build/$(CONFIGURATION)";
				COPY_PHASE_STRIP = NO;
				GCC_DYNAMIC_NO_PIC = NO;
				GCC_OPTIMIZATION_LEVEL = 0;
				GCC_PREPROCESSOR_DEFINITIONS = (
					"_DEBUG=1",
					"DEBUG=1",
					"JUCER_XCODE_MAC_F6D2F4CF=1",
					"JUCE_APP_VERSION=1.0.0",
					"JUCE_APP_VERSION_HEX=0x10000",
					"JucePlugin_Build_VST=0",
					"JucePlugin_Build_VST3=0",
					"JucePlugin_Build_AU=0",
					"JucePlugin_Build_AUv3=0",
					"JucePlugin_Build_RTAS=0",
					"JucePlugin_Build_AAX=0",
					"JucePlugin_Build_Standalone=1",
					"JucePlugin_Build_Unity=0",
				);
				GCC_VERSION = com.apple.compilers.llvm.clang.1_0;
				HEADER_SEARCH_PATHS = (
					"/Applications/JUCE/modules/juce_audio_processors/format_types/VST3_SDK",
					"../../JuceLibraryCode",
					"/Applications/JUCE/modules",
					"../../../../../Documents/GitHub/LEAF/leaf",
					"/Applications/JUCE/modules/juce_audio_plugin_client",
					"$(inherited)",
				);
				INFOPLIST_FILE = Info-Standalone_Plugin.plist;
				INFOPLIST_PREPROCESS = NO;
				MACOSX_DEPLOYMENT_TARGET = 10.11;
				OTHER_LDFLAGS = "-lVocodec";
				PRODUCT_BUNDLE_IDENTIFIER = com.yourcompany.Vocodec;
				PRODUCT_NAME = "Vocodec";
				USE_HEADERMAP = NO;
			};
			name = Debug;
		};
		CAFA987B94CD3EC88A4D8D5F = {
			isa = XCBuildConfiguration;
			buildSettings = {
				CLANG_CXX_LANGUAGE_STANDARD = "c++14";
				CLANG_CXX_LIBRARY = "libc++";
				CLANG_LINK_OBJC_RUNTIME = NO;
				CODE_SIGN_IDENTITY = "";
				COMBINE_HIDPI_IMAGES = YES;
				CONFIGURATION_BUILD_DIR = "$(PROJECT_DIR)/build/$(CONFIGURATION)";
				DEAD_CODE_STRIPPING = YES;
				GCC_GENERATE_DEBUGGING_SYMBOLS = NO;
				GCC_OPTIMIZATION_LEVEL = 3;
				GCC_PREPROCESSOR_DEFINITIONS = (
					"_NDEBUG=1",
					"NDEBUG=1",
					"JUCER_XCODE_MAC_F6D2F4CF=1",
					"JUCE_APP_VERSION=1.0.0",
					"JUCE_APP_VERSION_HEX=0x10000",
					"JucePlugin_Build_VST=0",
					"JucePlugin_Build_VST3=0",
					"JucePlugin_Build_AU=0",
					"JucePlugin_Build_AUv3=0",
					"JucePlugin_Build_RTAS=0",
					"JucePlugin_Build_AAX=0",
					"JucePlugin_Build_Standalone=1",
					"JucePlugin_Build_Unity=0",
				);
				GCC_SYMBOLS_PRIVATE_EXTERN = YES;
				GCC_VERSION = com.apple.compilers.llvm.clang.1_0;
				HEADER_SEARCH_PATHS = (
					"/Applications/JUCE/modules/juce_audio_processors/format_types/VST3_SDK",
					"../../JuceLibraryCode",
					"/Applications/JUCE/modules",
					"../../../../../Documents/GitHub/LEAF/leaf",
					"/Applications/JUCE/modules/juce_audio_plugin_client",
					"$(inherited)",
				);
				INFOPLIST_FILE = Info-Standalone_Plugin.plist;
				INFOPLIST_PREPROCESS = NO;
				LLVM_LTO = YES;
				MACOSX_DEPLOYMENT_TARGET = 10.11;
				OTHER_LDFLAGS = "-lVocodec";
				PRODUCT_BUNDLE_IDENTIFIER = com.yourcompany.Vocodec;
				PRODUCT_NAME = "Vocodec";
				USE_HEADERMAP = NO;
			};
			name = Release;
		};
		DD6476418AA9220962343C56 = {
			isa = XCBuildConfiguration;
			buildSettings = {
				CLANG_CXX_LANGUAGE_STANDARD = "c++14";
				CLANG_CXX_LIBRARY = "libc++";
				CLANG_LINK_OBJC_RUNTIME = NO;
				CODE_SIGN_IDENTITY = "";
				COMBINE_HIDPI_IMAGES = YES;
				CONFIGURATION_BUILD_DIR = "$(PROJECT_DIR)/build/$(CONFIGURATION)";
				COPY_PHASE_STRIP = NO;
				GCC_DYNAMIC_NO_PIC = NO;
				GCC_OPTIMIZATION_LEVEL = 0;
				GCC_PREPROCESSOR_DEFINITIONS = (
					"_DEBUG=1",
					"DEBUG=1",
					"JUCER_XCODE_MAC_F6D2F4CF=1",
					"JUCE_APP_VERSION=1.0.0",
					"JUCE_APP_VERSION_HEX=0x10000",
					"JucePlugin_Build_VST=0",
					"JucePlugin_Build_VST3=1",
					"JucePlugin_Build_AU=1",
					"JucePlugin_Build_AUv3=0",
					"JucePlugin_Build_RTAS=0",
					"JucePlugin_Build_AAX=0",
					"JucePlugin_Build_Standalone=1",
					"JucePlugin_Build_Unity=0",
					"JUCE_SHARED_CODE=1",
				);
				GCC_VERSION = com.apple.compilers.llvm.clang.1_0;
				HEADER_SEARCH_PATHS = (
					"/Applications/JUCE/modules/juce_audio_processors/format_types/VST3_SDK",
					"../../JuceLibraryCode",
					"/Applications/JUCE/modules",
					"../../../../../Documents/GitHub/LEAF/leaf",
					"/Applications/JUCE/modules/juce_audio_plugin_client",
					"$(inherited)",
				);
				INSTALL_PATH = "@executable_path/../Frameworks";
				MACOSX_DEPLOYMENT_TARGET = 10.11;
				PRODUCT_BUNDLE_IDENTIFIER = com.yourcompany.Vocodec;
				PRODUCT_NAME = "Vocodec";
				SKIP_INSTALL = YES;
				USE_HEADERMAP = NO;
			};
			name = Debug;
		};
		003966F9972DB8FAA7B85E62 = {
			isa = XCBuildConfiguration;
			buildSettings = {
				CLANG_CXX_LANGUAGE_STANDARD = "c++14";
				CLANG_CXX_LIBRARY = "libc++";
				CLANG_LINK_OBJC_RUNTIME = NO;
				CODE_SIGN_IDENTITY = "";
				COMBINE_HIDPI_IMAGES = YES;
				CONFIGURATION_BUILD_DIR = "$(PROJECT_DIR)/build/$(CONFIGURATION)";
				DEAD_CODE_STRIPPING = YES;
				GCC_GENERATE_DEBUGGING_SYMBOLS = NO;
				GCC_OPTIMIZATION_LEVEL = 3;
				GCC_PREPROCESSOR_DEFINITIONS = (
					"_NDEBUG=1",
					"NDEBUG=1",
					"JUCER_XCODE_MAC_F6D2F4CF=1",
					"JUCE_APP_VERSION=1.0.0",
					"JUCE_APP_VERSION_HEX=0x10000",
					"JucePlugin_Build_VST=0",
					"JucePlugin_Build_VST3=1",
					"JucePlugin_Build_AU=1",
					"JucePlugin_Build_AUv3=0",
					"JucePlugin_Build_RTAS=0",
					"JucePlugin_Build_AAX=0",
					"JucePlugin_Build_Standalone=1",
					"JucePlugin_Build_Unity=0",
					"JUCE_SHARED_CODE=1",
				);
				GCC_SYMBOLS_PRIVATE_EXTERN = YES;
				GCC_VERSION = com.apple.compilers.llvm.clang.1_0;
				HEADER_SEARCH_PATHS = (
					"/Applications/JUCE/modules/juce_audio_processors/format_types/VST3_SDK",
					"../../JuceLibraryCode",
					"/Applications/JUCE/modules",
					"../../../../../Documents/GitHub/LEAF/leaf",
					"/Applications/JUCE/modules/juce_audio_plugin_client",
					"$(inherited)",
				);
				INSTALL_PATH = "@executable_path/../Frameworks";
				LLVM_LTO = YES;
				MACOSX_DEPLOYMENT_TARGET = 10.11;
				PRODUCT_BUNDLE_IDENTIFIER = com.yourcompany.Vocodec;
				PRODUCT_NAME = "Vocodec";
				SKIP_INSTALL = YES;
				USE_HEADERMAP = NO;
			};
			name = Release;
		};
		5C09F91AA402CC8E42CC31C0 = {
			isa = XCBuildConfiguration;
			buildSettings = {
				ALWAYS_SEARCH_USER_PATHS = NO;
				CLANG_ENABLE_OBJC_WEAK = YES;
				CLANG_WARN_BLOCK_CAPTURE_AUTORELEASING = YES;
				CLANG_WARN_BOOL_CONVERSION = YES;
				CLANG_WARN_COMMA = YES;
				CLANG_WARN_CONSTANT_CONVERSION = YES;
				CLANG_WARN_DEPRECATED_OBJC_IMPLEMENTATIONS = YES;
				CLANG_WARN_EMPTY_BODY = YES;
				CLANG_WARN_ENUM_CONVERSION = YES;
				CLANG_WARN_INFINITE_RECURSION = YES;
				CLANG_WARN_INT_CONVERSION = YES;
				CLANG_WARN_NON_LITERAL_NULL_CONVERSION = YES;
				CLANG_WARN_OBJC_IMPLICIT_RETAIN_SELF = YES;
				CLANG_WARN_OBJC_LITERAL_CONVERSION = YES;
				CLANG_WARN_RANGE_LOOP_ANALYSIS = YES;
				CLANG_WARN_STRICT_PROTOTYPES = YES;
				CLANG_WARN_SUSPICIOUS_MOVE = YES;
				CLANG_WARN_UNREACHABLE_CODE = YES;
				CLANG_WARN__DUPLICATE_METHOD_MATCH = YES;
				CODE_SIGN_IDENTITY = "";
				DEBUG_INFORMATION_FORMAT = dwarf;
				ENABLE_STRICT_OBJC_MSGSEND = YES;
				ENABLE_TESTABILITY = YES;
				GCC_C_LANGUAGE_STANDARD = c11;
				GCC_INLINES_ARE_PRIVATE_EXTERN = YES;
				GCC_MODEL_TUNING = G5;
				GCC_NO_COMMON_BLOCKS = YES;
				GCC_WARN_64_TO_32_BIT_CONVERSION = YES;
				GCC_WARN_ABOUT_RETURN_TYPE = YES;
				GCC_WARN_CHECK_SWITCH_STATEMENTS = YES;
				GCC_WARN_MISSING_PARENTHESES = YES;
				GCC_WARN_NON_VIRTUAL_DESTRUCTOR = YES;
				GCC_WARN_TYPECHECK_CALLS_TO_PRINTF = YES;
				GCC_WARN_UNDECLARED_SELECTOR = YES;
				GCC_WARN_UNINITIALIZED_AUTOS = YES;
				GCC_WARN_UNUSED_FUNCTION = YES;
				GCC_WARN_UNUSED_VARIABLE = YES;
				ONLY_ACTIVE_ARCH = YES;
				PRODUCT_NAME = "Vocodec";
				SDKROOT = macosx;
				WARNING_CFLAGS = "-Wreorder";
				ZERO_LINK = NO;
			};
			name = Debug;
		};
		785A054EF175DBB97F3BDBF0 = {
			isa = XCBuildConfiguration;
			buildSettings = {
				ALWAYS_SEARCH_USER_PATHS = NO;
				CLANG_ENABLE_OBJC_WEAK = YES;
				CLANG_WARN_BLOCK_CAPTURE_AUTORELEASING = YES;
				CLANG_WARN_BOOL_CONVERSION = YES;
				CLANG_WARN_COMMA = YES;
				CLANG_WARN_CONSTANT_CONVERSION = YES;
				CLANG_WARN_DEPRECATED_OBJC_IMPLEMENTATIONS = YES;
				CLANG_WARN_EMPTY_BODY = YES;
				CLANG_WARN_ENUM_CONVERSION = YES;
				CLANG_WARN_INFINITE_RECURSION = YES;
				CLANG_WARN_INT_CONVERSION = YES;
				CLANG_WARN_NON_LITERAL_NULL_CONVERSION = YES;
				CLANG_WARN_OBJC_IMPLICIT_RETAIN_SELF = YES;
				CLANG_WARN_OBJC_LITERAL_CONVERSION = YES;
				CLANG_WARN_RANGE_LOOP_ANALYSIS = YES;
				CLANG_WARN_STRICT_PROTOTYPES = YES;
				CLANG_WARN_SUSPICIOUS_MOVE = YES;
				CLANG_WARN_UNREACHABLE_CODE = YES;
				CLANG_WARN__DUPLICATE_METHOD_MATCH = YES;
				CODE_SIGN_IDENTITY = "";
				DEBUG_INFORMATION_FORMAT = dwarf;
				ENABLE_STRICT_OBJC_MSGSEND = YES;
				GCC_C_LANGUAGE_STANDARD = c11;
				GCC_INLINES_ARE_PRIVATE_EXTERN = YES;
				GCC_MODEL_TUNING = G5;
				GCC_NO_COMMON_BLOCKS = YES;
				GCC_WARN_64_TO_32_BIT_CONVERSION = YES;
				GCC_WARN_ABOUT_RETURN_TYPE = YES;
				GCC_WARN_CHECK_SWITCH_STATEMENTS = YES;
				GCC_WARN_MISSING_PARENTHESES = YES;
				GCC_WARN_NON_VIRTUAL_DESTRUCTOR = YES;
				GCC_WARN_TYPECHECK_CALLS_TO_PRINTF = YES;
				GCC_WARN_UNDECLARED_SELECTOR = YES;
				GCC_WARN_UNINITIALIZED_AUTOS = YES;
				GCC_WARN_UNUSED_FUNCTION = YES;
				GCC_WARN_UNUSED_VARIABLE = YES;
				PRODUCT_NAME = "Vocodec";
				SDKROOT = macosx;
				WARNING_CFLAGS = "-Wreorder";
				ZERO_LINK = NO;
			};
			name = Release;
		};
		AD653B61D4DCC9F91B6EF223 = {
			isa = PBXTargetDependency;
			target = 8932ED147642444890DA0740;
		};
		D296D1D7B079CEE22A8E6D4D = {
			isa = PBXTargetDependency;
			target = AF784A2978A321FE51672723;
		};
		E1419A343CE4C019AA9770A5 = {
			isa = PBXTargetDependency;
			target = 0D8DBB0CFA09E199B117E6FF;
		};
		730E2F26301C8DB3B7E27E39 = {
			isa = PBXTargetDependency;
			target = B4C33F9FDD8D20427F0537CB;
		};
		0EC4DD4E4BE05B2B3857F5DC = {
			isa = XCConfigurationList;
			buildConfigurations = (
				5C09F91AA402CC8E42CC31C0,
				785A054EF175DBB97F3BDBF0,
			);
			defaultConfigurationIsVisible = 0;
			defaultConfigurationName = Debug;
		};
		688D3BBA3E3286EE0C3FFFBA = {
			isa = XCConfigurationList;
			buildConfigurations = (
				380FA8A2C5B3AFB5E274EA1F,
				F5E5A35EE745B31CAC88676E,
			);
			defaultConfigurationIsVisible = 0;
			defaultConfigurationName = Debug;
		};
		E1D106C92F7E6682EB359F91 = {
			isa = PBXAggregateTarget;
			buildConfigurationList = 688D3BBA3E3286EE0C3FFFBA;
			buildPhases = ( );
			buildRules = ( );
			dependencies = (
				AD653B61D4DCC9F91B6EF223,
				D296D1D7B079CEE22A8E6D4D,
				E1419A343CE4C019AA9770A5,
				730E2F26301C8DB3B7E27E39,
			);
			name = "Vocodec - All";
			productName = Vocodec;
		};
		A96AC3268DB56D479EC35528 = {
			isa = XCConfigurationList;
			buildConfigurations = (
				5AF5CAC97F9E5B99C24C0DFE,
				D385F3199401DAF1F9721891,
			);
			defaultConfigurationIsVisible = 0;
			defaultConfigurationName = Debug;
		};
		2995C7C8750E086E38D3A4B9 = {
			isa = PBXResourcesBuildPhase;
			buildActionMask = 2147483647;
			files = (
				8DDE818F8E15B168ACC6A95E,
			);
			runOnlyForDeploymentPostprocessing = 0;
		};
		C2CEC643582155873B66D2ED = {
			isa = PBXSourcesBuildPhase;
			buildActionMask = 2147483647;
			files = (
				7561AE598B457FC458E1262D,
			);
			runOnlyForDeploymentPostprocessing = 0;
		};
		FAB11EE2BD9F93C0B0A38D18 = {
			isa = PBXFrameworksBuildPhase;
			buildActionMask = 2147483647;
			files = (
				136E76F9533D6D867270BC51,
				1DDFEC3CC29AD87DF3DEF2A3,
				8ED4D3F4542E9484C529796C,
				3403EE4F3F429868AE73CDF8,
				DD9F3BE243829B01BC638EFF,
				3B049B8A0E0DACC3CC87006F,
				02987E758E4120CAA64FF889,
				38132E624E0A67E398486E36,
				CC8FE17133EAD732E5332C47,
				A199F7938838FC38FCDA2E71,
				B29CB533B38B59EF0BF580B6,
				948A4D1B78ABA07B9809E81D,
			);
			runOnlyForDeploymentPostprocessing = 0;
		};
		8932ED147642444890DA0740 = {
			isa = PBXNativeTarget;
			buildConfigurationList = A96AC3268DB56D479EC35528;
			buildPhases = (
				2995C7C8750E086E38D3A4B9,
				C2CEC643582155873B66D2ED,
				FAB11EE2BD9F93C0B0A38D18,
			);
			buildRules = ( );
			dependencies = (
				730E2F26301C8DB3B7E27E39,
			);
			name = "Vocodec - VST3";
			productName = Vocodec;
			productReference = 73E6E40F5916983BB034C5CE;
			productType = "com.apple.product-type.bundle";
		};
		7D197A8E60DEBB70FB9BE8B7 = {
			isa = XCConfigurationList;
			buildConfigurations = (
				36690F0BE94BAF0DB377DB6E,
				1B49E076BDDD72913DF0D6F9,
			);
			defaultConfigurationIsVisible = 0;
			defaultConfigurationName = Debug;
		};
		2967D0F3DEF9EBE14E18397E = {
			isa = PBXResourcesBuildPhase;
			buildActionMask = 2147483647;
			files = (
				8DDE818F8E15B168ACC6A95E,
			);
			runOnlyForDeploymentPostprocessing = 0;
		};
		1BE252F9369E6A36BB0517B1 = {
			isa = PBXRezBuildPhase;
			buildActionMask = 2147483647;
			files = (
				A4846A6F1B0F2CAD00C26DC6,
			);
			runOnlyForDeploymentPostprocessing = 0;
		};
		B6ECE883D63428564C4AC9AE = {
			isa = PBXSourcesBuildPhase;
			buildActionMask = 2147483647;
			files = (
				84349A9FC2E0BCED3A793ACA,
				554D65AC1BC3FC628755FBC8,
			);
			runOnlyForDeploymentPostprocessing = 0;
		};
		1253344D63D53DCA137EA20C = {
			isa = PBXFrameworksBuildPhase;
			buildActionMask = 2147483647;
			files = (
				191FDACB0224BCABDE606692,
				136E76F9533D6D867270BC51,
				1DDFEC3CC29AD87DF3DEF2A3,
				8ED4D3F4542E9484C529796C,
				3403EE4F3F429868AE73CDF8,
				DD9F3BE243829B01BC638EFF,
				3B049B8A0E0DACC3CC87006F,
				02987E758E4120CAA64FF889,
				38132E624E0A67E398486E36,
				CC8FE17133EAD732E5332C47,
				A199F7938838FC38FCDA2E71,
				B29CB533B38B59EF0BF580B6,
				948A4D1B78ABA07B9809E81D,
			);
			runOnlyForDeploymentPostprocessing = 0;
		};
		AF784A2978A321FE51672723 = {
			isa = PBXNativeTarget;
			buildConfigurationList = 7D197A8E60DEBB70FB9BE8B7;
			buildPhases = (
				2967D0F3DEF9EBE14E18397E,
				1BE252F9369E6A36BB0517B1,
				B6ECE883D63428564C4AC9AE,
				1253344D63D53DCA137EA20C,
			);
			buildRules = ( );
			dependencies = (
				730E2F26301C8DB3B7E27E39,
			);
			name = "Vocodec - AU";
			productName = Vocodec;
			productReference = 753A2EAC99EFCF00E08C2801;
			productType = "com.apple.product-type.bundle";
		};
		BDA655C91A3FD36F26423ADD = {
			isa = XCConfigurationList;
			buildConfigurations = (
				0D5F4F5EDCED48A6015E8306,
				CAFA987B94CD3EC88A4D8D5F,
			);
			defaultConfigurationIsVisible = 0;
			defaultConfigurationName = Debug;
		};
		8B3ADFB6B833C566F3FFA056 = {
			isa = PBXResourcesBuildPhase;
			buildActionMask = 2147483647;
			files = (
				8DDE818F8E15B168ACC6A95E,
			);
			runOnlyForDeploymentPostprocessing = 0;
		};
		3A41690B31103AD962F77C76 = {
			isa = PBXSourcesBuildPhase;
			buildActionMask = 2147483647;
			files = (
				96BE7295970DC6713DA6A028,
			);
			runOnlyForDeploymentPostprocessing = 0;
		};
		663CBD3D16D0E8FCB07A4A79 = {
			isa = PBXFrameworksBuildPhase;
			buildActionMask = 2147483647;
			files = (
				136E76F9533D6D867270BC51,
				1DDFEC3CC29AD87DF3DEF2A3,
				8ED4D3F4542E9484C529796C,
				3403EE4F3F429868AE73CDF8,
				DD9F3BE243829B01BC638EFF,
				3B049B8A0E0DACC3CC87006F,
				02987E758E4120CAA64FF889,
				38132E624E0A67E398486E36,
				CC8FE17133EAD732E5332C47,
				A199F7938838FC38FCDA2E71,
				B29CB533B38B59EF0BF580B6,
				948A4D1B78ABA07B9809E81D,
			);
			runOnlyForDeploymentPostprocessing = 0;
		};
		0D8DBB0CFA09E199B117E6FF = {
			isa = PBXNativeTarget;
			buildConfigurationList = BDA655C91A3FD36F26423ADD;
			buildPhases = (
				8B3ADFB6B833C566F3FFA056,
				3A41690B31103AD962F77C76,
				663CBD3D16D0E8FCB07A4A79,
			);
			buildRules = ( );
			dependencies = (
				730E2F26301C8DB3B7E27E39,
			);
			name = "Vocodec - Standalone Plugin";
			productName = Vocodec;
			productReference = CDFA7F2E9D791C614DD5188E;
			productType = "com.apple.product-type.application";
		};
		ACFBB946EE4C7C044B9C3042 = {
			isa = XCConfigurationList;
			buildConfigurations = (
				DD6476418AA9220962343C56,
				003966F9972DB8FAA7B85E62,
			);
			defaultConfigurationIsVisible = 0;
			defaultConfigurationName = Debug;
		};
		2EEF347BFB5A0077CE65CB58 = {
			isa = PBXSourcesBuildPhase;
			buildActionMask = 2147483647;
			files = (
				CB8A5C937275EFF16A249726,
				DE26D8631CBF62D081C374B8,
				0D533F9AC2928CB734706B03,
				F7D9FFB0FFE195C2117A605A,
				77D74051950D7819FFA9BCFD,
				172EE57A0F222D5D0D350F56,
				607DA1CDDF65B6549CA49AC8,
				770519D9566B3A7821104280,
				E763D73625C9D5788B69A2AD,
				F4559FC1B678E0F22F332151,
				1BE3455EF7B4B2F912F8073F,
				1A105BFE24ABDAB736F75C6F,
				206443F03F7154D7027CB283,
				65E10C76A7080C82141115DE,
				39BDAB062240D953F8FE054D,
				93BA569C58E79FC8A43AF797,
				A29970E1722D939B1BCFC42E,
				14F0B066437D43C8D716B0AB,
				C7CC3740E258163211428B59,
				F14EC3930AE16C93223D7901,
				FF1A352FA0441CB8DB1AFD51,
				D5530AECAD23DCC46322DBC9,
			);
			runOnlyForDeploymentPostprocessing = 0;
		};
		B4C33F9FDD8D20427F0537CB = {
			isa = PBXNativeTarget;
			buildConfigurationList = ACFBB946EE4C7C044B9C3042;
			buildPhases = (
				2EEF347BFB5A0077CE65CB58,
			);
			buildRules = ( );
			dependencies = ( );
			name = "Vocodec - Shared Code";
			productName = Vocodec;
			productReference = 842E0DAFBA6BC103C5AF993F;
			productType = "com.apple.product-type.library.static";
		};
		A5AE77F263A9A61638B102D9 = {
			isa = PBXProject;
			buildConfigurationList = 0EC4DD4E4BE05B2B3857F5DC;
			attributes = { LastUpgradeCheck = 1100; ORGANIZATIONNAME = ""; TargetAttributes = { E1D106C92F7E6682EB359F91 = { SystemCapabilities = {com.apple.ApplicationGroups.iOS = { enabled = 0; }; com.apple.InAppPurchase = { enabled = 0; }; com.apple.InterAppAudio = { enabled = 0; }; com.apple.Push = { enabled = 0; }; com.apple.Sandbox = { enabled = 0; }; com.apple.HardenedRuntime = { enabled = 0; }; }; };8932ED147642444890DA0740 = { SystemCapabilities = {com.apple.ApplicationGroups.iOS = { enabled = 0; }; com.apple.InAppPurchase = { enabled = 0; }; com.apple.InterAppAudio = { enabled = 0; }; com.apple.Push = { enabled = 0; }; com.apple.Sandbox = { enabled = 0; }; com.apple.HardenedRuntime = { enabled = 0; }; }; };AF784A2978A321FE51672723 = { SystemCapabilities = {com.apple.ApplicationGroups.iOS = { enabled = 0; }; com.apple.InAppPurchase = { enabled = 0; }; com.apple.InterAppAudio = { enabled = 0; }; com.apple.Push = { enabled = 0; }; com.apple.Sandbox = { enabled = 0; }; com.apple.HardenedRuntime = { enabled = 0; }; }; };0D8DBB0CFA09E199B117E6FF = { SystemCapabilities = {com.apple.ApplicationGroups.iOS = { enabled = 0; }; com.apple.InAppPurchase = { enabled = 0; }; com.apple.InterAppAudio = { enabled = 0; }; com.apple.Push = { enabled = 0; }; com.apple.Sandbox = { enabled = 0; }; com.apple.HardenedRuntime = { enabled = 0; }; }; };B4C33F9FDD8D20427F0537CB = { SystemCapabilities = {com.apple.ApplicationGroups.iOS = { enabled = 0; }; com.apple.InAppPurchase = { enabled = 0; }; com.apple.InterAppAudio = { enabled = 0; }; com.apple.Push = { enabled = 0; }; com.apple.Sandbox = { enabled = 0; }; com.apple.HardenedRuntime = { enabled = 0; }; }; }; }; };
			compatibilityVersion = "Xcode 3.2";
			hasScannedForEncodings = 0;
			mainGroup = AE7AB416869424D7F740EE58;
			projectDirPath = "";
			projectRoot = "";
			targets = (E1D106C92F7E6682EB359F91, 8932ED147642444890DA0740, AF784A2978A321FE51672723, 0D8DBB0CFA09E199B117E6FF, B4C33F9FDD8D20427F0537CB);
			knownRegions = (en, Base);
		};
	};
	rootObject = A5AE77F263A9A61638B102D9;
}
